
Microsoft Visual Studio Solution File, Format Version 12.00
# Visual Studio 15
Project("{FAE04EC0-301F-11D3-BF4B-00C04F79EFBC}") = "Assembly-CSharp", "Assembly-CSharp.csproj", "{F0D1CB59-1678-6ED8-1263-826EFF05E581}"
EndProject
Project("{FAE04EC0-301F-11D3-BF4B-00C04F79EFBC}") = "Assembly-CSharp-firstpass", "Assembly-CSharp-firstpass.csproj", "{AD4FA539-F9DE-35E5-568D-1998312D16F5}"
EndProject
Global
	GlobalSection(SolutionConfigurationPlatforms) = preSolution
		Debug|Any CPU = Debug|Any CPU
		Release|Any CPU = Release|Any CPU
	EndGlobalSection
	GlobalSection(ProjectConfigurationPlatforms) = postSolution
		{F0D1CB59-1678-6ED8-1263-826EFF05E581}.Debug|Any CPU.ActiveCfg = Debug|Any CPU
		{F0D1CB59-1678-6ED8-1263-826EFF05E581}.Debug|Any CPU.Build.0 = Debug|Any CPU
		{F0D1CB59-1678-6ED8-1263-826EFF05E581}.Release|Any CPU.ActiveCfg = Release|Any CPU
		{F0D1CB59-1678-6ED8-1263-826EFF05E581}.Release|Any CPU.Build.0 = Release|Any CPU
		{AD4FA539-F9DE-35E5-568D-1998312D16F5}.Debug|Any CPU.ActiveCfg = Debug|Any CPU
		{AD4FA539-F9DE-35E5-568D-1998312D16F5}.Debug|Any CPU.Build.0 = Debug|Any CPU
		{AD4FA539-F9DE-35E5-568D-1998312D16F5}.Release|Any CPU.ActiveCfg = Release|Any CPU
		{AD4FA539-F9DE-35E5-568D-1998312D16F5}.Release|Any CPU.Build.0 = Release|Any CPU
	EndGlobalSection
	GlobalSection(SolutionProperties) = preSolution
		HideSolutionNode = FALSE
	EndGlobalSection
EndGlobal
